
Microsoft Visual Studio Solution File, Format Version 12.00
# Visual Studio Version 17
VisualStudioVersion = 17.0.31912.275
MinimumVisualStudioVersion = 10.0.40219.1
Project("{2150E333-8FDC-42A3-9474-1A3956D46DE8}") = "SolutionItems", "SolutionItems", "{275B08FA-6837-4A32-B890-0ADE2DE4C3F7}"
	ProjectSection(SolutionItems) = preProject
		Features.md = Features.md
		LICENSE = LICENSE
		README.md = README.md
	EndProjectSection
EndProject
Project("{2150E333-8FDC-42A3-9474-1A3956D46DE8}") = "Client", "Client", "{885BB018-5B07-4038-B061-71B70188933B}"
EndProject
Project("{9A19103F-16F7-4668-BE54-9A1E7A4F7556}") = "Server", "src\Server\Server.csproj", "{E306E167-C5CB-470B-A55E-60843F143B05}"
	ProjectSection(ProjectDependencies) = postProject
		{D22763DC-33FD-453E-AF00-A2028689F978} = {D22763DC-33FD-453E-AF00-A2028689F978}
	EndProjectSection
EndProject
Project("{9A19103F-16F7-4668-BE54-9A1E7A4F7556}") = "Client", "src\Client\Client.csproj", "{DB1309A5-3FAB-48EC-B5DF-582E8DFFE138}"
EndProject
Project("{2150E333-8FDC-42A3-9474-1A3956D46DE8}") = "Server", "Server", "{BAC861DD-C8B1-40D7-AE95-BCA8FA3F8966}"
EndProject
Project("{9A19103F-16F7-4668-BE54-9A1E7A4F7556}") = "Domain", "src\Domain\Domain.csproj", "{A7B45D03-7C88-4D69-B932-40A9D5B755C2}"
EndProject
Project("{9A19103F-16F7-4668-BE54-9A1E7A4F7556}") = "Application", "src\Application\Application.csproj", "{9C175F31-4041-47AF-9577-D7AC488C2DFA}"
EndProject
Project("{9A19103F-16F7-4668-BE54-9A1E7A4F7556}") = "Infrastructure", "src\Infrastructure\Infrastructure.csproj", "{4B1846FD-5793-47BD-B89D-ABFB53141272}"
EndProject
Project("{9A19103F-16F7-4668-BE54-9A1E7A4F7556}") = "Shared", "src\Shared\Shared.csproj", "{D22763DC-33FD-453E-AF00-A2028689F978}"
EndProject
Project("{2150E333-8FDC-42A3-9474-1A3956D46DE8}") = "Shared", "Shared", "{34B1D3CA-BBB6-449E-82A7-DF2BDBC9838F}"
EndProject
Project("{9A19103F-16F7-4668-BE54-9A1E7A4F7556}") = "Client.Infrastructure", "src\Client.Infrastructure\Client.Infrastructure.csproj", "{6B3A1D03-E35E-4579-A24A-E3343D024B4B}"
EndProject
Project("{E53339B2-1760-4266-BCC7-CA923CBCF16C}") = "docker-compose", "docker-compose.dcproj", "{161B234C-6018-4CE5-86B2-0EA95A53982D}"
EndProject
Project("{9A19103F-16F7-4668-BE54-9A1E7A4F7556}") = "Transfer", "src\Transfer\Transfer.csproj", "{4EF5D6F7-D35D-416D-BD66-F7E0C62E9644}"
EndProject
Project("{FAE04EC0-301F-11D3-BF4B-00C04F79EFBC}") = "Diagrammes", "src\Diagrammes\Diagrammes\Diagrammes.csproj", "{C2D78F7F-1382-4CDB-B33D-3D07039A501C}"
EndProject
Project("{9A19103F-16F7-4668-BE54-9A1E7A4F7556}") = "Infrastructure.ByDesign", "src\Infrastructure.ByDesign\Infrastructure.ByDesign.csproj", "{EFDFC593-66B4-470D-8C2E-EBA7D499EDC1}"
EndProject
Project("{9A19103F-16F7-4668-BE54-9A1E7A4F7556}") = "Infrastructure.ByDesign.Test", "src\Infrastructure.ByDesign.Test\Infrastructure.ByDesign.Test.csproj", "{3984C83A-6B30-4827-A2CB-4CB1CDB5280F}"
EndProject
Project("{2150E333-8FDC-42A3-9474-1A3956D46DE8}") = "Misc", "Misc", "{C9B6FBC4-76CE-4F59-AEED-C1069EE3C924}"
	ProjectSection(FolderStartupServices) = postProject
		{C0C07587-41A7-46C8-8FBD-3F9C8EBE2DDC} = {C0C07587-41A7-46C8-8FBD-3F9C8EBE2DDC}
	EndProjectSection
EndProject
Project("{FAE04EC0-301F-11D3-BF4B-00C04F79EFBC}") = "Reports", "src\Reports\Reports.csproj", "{3927FC6F-2E08-4766-B4C1-8C5A03B8B668}"
EndProject
Global
	GlobalSection(SolutionConfigurationPlatforms) = preSolution
		Debug|Any CPU = Debug|Any CPU
		Release|Any CPU = Release|Any CPU
	EndGlobalSection
	GlobalSection(ProjectConfigurationPlatforms) = postSolution
		{E306E167-C5CB-470B-A55E-60843F143B05}.Debug|Any CPU.ActiveCfg = Debug|Any CPU
		{E306E167-C5CB-470B-A55E-60843F143B05}.Debug|Any CPU.Build.0 = Debug|Any CPU
		{E306E167-C5CB-470B-A55E-60843F143B05}.Release|Any CPU.ActiveCfg = Release|Any CPU
		{E306E167-C5CB-470B-A55E-60843F143B05}.Release|Any CPU.Build.0 = Release|Any CPU
		{DB1309A5-3FAB-48EC-B5DF-582E8DFFE138}.Debug|Any CPU.ActiveCfg = Debug|Any CPU
		{DB1309A5-3FAB-48EC-B5DF-582E8DFFE138}.Debug|Any CPU.Build.0 = Debug|Any CPU
		{DB1309A5-3FAB-48EC-B5DF-582E8DFFE138}.Release|Any CPU.ActiveCfg = Release|Any CPU
		{DB1309A5-3FAB-48EC-B5DF-582E8DFFE138}.Release|Any CPU.Build.0 = Release|Any CPU
		{A7B45D03-7C88-4D69-B932-40A9D5B755C2}.Debug|Any CPU.ActiveCfg = Debug|Any CPU
		{A7B45D03-7C88-4D69-B932-40A9D5B755C2}.Debug|Any CPU.Build.0 = Debug|Any CPU
		{A7B45D03-7C88-4D69-B932-40A9D5B755C2}.Release|Any CPU.ActiveCfg = Release|Any CPU
		{A7B45D03-7C88-4D69-B932-40A9D5B755C2}.Release|Any CPU.Build.0 = Release|Any CPU
		{9C175F31-4041-47AF-9577-D7AC488C2DFA}.Debug|Any CPU.ActiveCfg = Debug|Any CPU
		{9C175F31-4041-47AF-9577-D7AC488C2DFA}.Debug|Any CPU.Build.0 = Debug|Any CPU
		{9C175F31-4041-47AF-9577-D7AC488C2DFA}.Release|Any CPU.ActiveCfg = Release|Any CPU
		{9C175F31-4041-47AF-9577-D7AC488C2DFA}.Release|Any CPU.Build.0 = Release|Any CPU
		{4B1846FD-5793-47BD-B89D-ABFB53141272}.Debug|Any CPU.ActiveCfg = Debug|Any CPU
		{4B1846FD-5793-47BD-B89D-ABFB53141272}.Debug|Any CPU.Build.0 = Debug|Any CPU
		{4B1846FD-5793-47BD-B89D-ABFB53141272}.Release|Any CPU.ActiveCfg = Release|Any CPU
		{4B1846FD-5793-47BD-B89D-ABFB53141272}.Release|Any CPU.Build.0 = Release|Any CPU
		{D22763DC-33FD-453E-AF00-A2028689F978}.Debug|Any CPU.ActiveCfg = Debug|Any CPU
		{D22763DC-33FD-453E-AF00-A2028689F978}.Debug|Any CPU.Build.0 = Debug|Any CPU
		{D22763DC-33FD-453E-AF00-A2028689F978}.Release|Any CPU.ActiveCfg = Release|Any CPU
		{D22763DC-33FD-453E-AF00-A2028689F978}.Release|Any CPU.Build.0 = Release|Any CPU
		{6B3A1D03-E35E-4579-A24A-E3343D024B4B}.Debug|Any CPU.ActiveCfg = Debug|Any CPU
		{6B3A1D03-E35E-4579-A24A-E3343D024B4B}.Debug|Any CPU.Build.0 = Debug|Any CPU
		{6B3A1D03-E35E-4579-A24A-E3343D024B4B}.Release|Any CPU.ActiveCfg = Release|Any CPU
		{6B3A1D03-E35E-4579-A24A-E3343D024B4B}.Release|Any CPU.Build.0 = Release|Any CPU
		{161B234C-6018-4CE5-86B2-0EA95A53982D}.Debug|Any CPU.ActiveCfg = Debug|Any CPU
		{161B234C-6018-4CE5-86B2-0EA95A53982D}.Release|Any CPU.ActiveCfg = Release|Any CPU
		{161B234C-6018-4CE5-86B2-0EA95A53982D}.Release|Any CPU.Build.0 = Release|Any CPU
		{4EF5D6F7-D35D-416D-BD66-F7E0C62E9644}.Debug|Any CPU.ActiveCfg = Debug|Any CPU
		{4EF5D6F7-D35D-416D-BD66-F7E0C62E9644}.Debug|Any CPU.Build.0 = Debug|Any CPU
		{4EF5D6F7-D35D-416D-BD66-F7E0C62E9644}.Release|Any CPU.ActiveCfg = Release|Any CPU
		{4EF5D6F7-D35D-416D-BD66-F7E0C62E9644}.Release|Any CPU.Build.0 = Release|Any CPU
		{C2D78F7F-1382-4CDB-B33D-3D07039A501C}.Debug|Any CPU.ActiveCfg = Debug|Any CPU
		{C2D78F7F-1382-4CDB-B33D-3D07039A501C}.Debug|Any CPU.Build.0 = Debug|Any CPU
		{C2D78F7F-1382-4CDB-B33D-3D07039A501C}.Release|Any CPU.ActiveCfg = Release|Any CPU
		{C2D78F7F-1382-4CDB-B33D-3D07039A501C}.Release|Any CPU.Build.0 = Release|Any CPU
		{EFDFC593-66B4-470D-8C2E-EBA7D499EDC1}.Debug|Any CPU.ActiveCfg = Debug|Any CPU
		{EFDFC593-66B4-470D-8C2E-EBA7D499EDC1}.Debug|Any CPU.Build.0 = Debug|Any CPU
		{EFDFC593-66B4-470D-8C2E-EBA7D499EDC1}.Release|Any CPU.ActiveCfg = Release|Any CPU
		{EFDFC593-66B4-470D-8C2E-EBA7D499EDC1}.Release|Any CPU.Build.0 = Release|Any CPU
		{3984C83A-6B30-4827-A2CB-4CB1CDB5280F}.Debug|Any CPU.ActiveCfg = Debug|Any CPU
		{3984C83A-6B30-4827-A2CB-4CB1CDB5280F}.Debug|Any CPU.Build.0 = Debug|Any CPU
		{3984C83A-6B30-4827-A2CB-4CB1CDB5280F}.Release|Any CPU.ActiveCfg = Release|Any CPU
		{3984C83A-6B30-4827-A2CB-4CB1CDB5280F}.Release|Any CPU.Build.0 = Release|Any CPU
		{3927FC6F-2E08-4766-B4C1-8C5A03B8B668}.Debug|Any CPU.ActiveCfg = Debug|Any CPU
		{3927FC6F-2E08-4766-B4C1-8C5A03B8B668}.Debug|Any CPU.Build.0 = Debug|Any CPU
		{3927FC6F-2E08-4766-B4C1-8C5A03B8B668}.Release|Any CPU.ActiveCfg = Release|Any CPU
		{3927FC6F-2E08-4766-B4C1-8C5A03B8B668}.Release|Any CPU.Build.0 = Release|Any CPU
	EndGlobalSection
	GlobalSection(SolutionProperties) = preSolution
		HideSolutionNode = FALSE
	EndGlobalSection
	GlobalSection(NestedProjects) = preSolution
		{E306E167-C5CB-470B-A55E-60843F143B05} = {BAC861DD-C8B1-40D7-AE95-BCA8FA3F8966}
		{DB1309A5-3FAB-48EC-B5DF-582E8DFFE138} = {885BB018-5B07-4038-B061-71B70188933B}
		{A7B45D03-7C88-4D69-B932-40A9D5B755C2} = {BAC861DD-C8B1-40D7-AE95-BCA8FA3F8966}
		{9C175F31-4041-47AF-9577-D7AC488C2DFA} = {BAC861DD-C8B1-40D7-AE95-BCA8FA3F8966}
		{4B1846FD-5793-47BD-B89D-ABFB53141272} = {BAC861DD-C8B1-40D7-AE95-BCA8FA3F8966}
		{D22763DC-33FD-453E-AF00-A2028689F978} = {34B1D3CA-BBB6-449E-82A7-DF2BDBC9838F}
		{6B3A1D03-E35E-4579-A24A-E3343D024B4B} = {885BB018-5B07-4038-B061-71B70188933B}
		{161B234C-6018-4CE5-86B2-0EA95A53982D} = {275B08FA-6837-4A32-B890-0ADE2DE4C3F7}
		{4EF5D6F7-D35D-416D-BD66-F7E0C62E9644} = {34B1D3CA-BBB6-449E-82A7-DF2BDBC9838F}
		{C2D78F7F-1382-4CDB-B33D-3D07039A501C} = {275B08FA-6837-4A32-B890-0ADE2DE4C3F7}
		{EFDFC593-66B4-470D-8C2E-EBA7D499EDC1} = {BAC861DD-C8B1-40D7-AE95-BCA8FA3F8966}
		{3984C83A-6B30-4827-A2CB-4CB1CDB5280F} = {275B08FA-6837-4A32-B890-0ADE2DE4C3F7}
		{3927FC6F-2E08-4766-B4C1-8C5A03B8B668} = {C9B6FBC4-76CE-4F59-AEED-C1069EE3C924}
	EndGlobalSection
	GlobalSection(ExtensibilityGlobals) = postSolution
		SolutionGuid = {ED3E6669-AEC5-4A3B-9E57-2A81DE87BAAF}
	EndGlobalSection
EndGlobal
